
Microsoft Visual Studio Solution File, Format Version 12.00
# Visual Studio 2017
Project("{FAE04EC0-301F-11D3-BF4B-00C04F79EFBC}") = "VR Testing Project", "VR Testing Project.csproj", "{ACB91C89-2057-6069-F005-39CCC5D87736}"
EndProject
Project("{FAE04EC0-301F-11D3-BF4B-00C04F79EFBC}") = "VR Testing Project.Editor", "VR Testing Project.Editor.csproj", "{60F658E6-6305-B154-9D54-B05A2BE979D1}"
EndProject
Global
	GlobalSection(SolutionConfigurationPlatforms) = preSolution
		Debug|Any CPU = Debug|Any CPU
		Release|Any CPU = Release|Any CPU
	EndGlobalSection
	GlobalSection(ProjectConfigurationPlatforms) = postSolution
		{ACB91C89-2057-6069-F005-39CCC5D87736}.Debug|Any CPU.ActiveCfg = Debug|Any CPU
		{ACB91C89-2057-6069-F005-39CCC5D87736}.Debug|Any CPU.Build.0 = Debug|Any CPU
		{ACB91C89-2057-6069-F005-39CCC5D87736}.Release|Any CPU.ActiveCfg = Release|Any CPU
		{ACB91C89-2057-6069-F005-39CCC5D87736}.Release|Any CPU.Build.0 = Release|Any CPU
		{60F658E6-6305-B154-9D54-B05A2BE979D1}.Debug|Any CPU.ActiveCfg = Debug|Any CPU
		{60F658E6-6305-B154-9D54-B05A2BE979D1}.Debug|Any CPU.Build.0 = Debug|Any CPU
		{60F658E6-6305-B154-9D54-B05A2BE979D1}.Release|Any CPU.ActiveCfg = Release|Any CPU
		{60F658E6-6305-B154-9D54-B05A2BE979D1}.Release|Any CPU.Build.0 = Release|Any CPU
	EndGlobalSection
	GlobalSection(SolutionProperties) = preSolution
		HideSolutionNode = FALSE
	EndGlobalSection
EndGlobal
